
Microsoft Visual Studio Solution File, Format Version 12.00
# Visual Studio Version 16
VisualStudioVersion = 16.0.29519.87
MinimumVisualStudioVersion = 10.0.40219.1
Project("{FAE04EC0-301F-11D3-BF4B-00C04F79EFBC}") = "WebMvcApp", "WebMvcApp\WebMvcApp.csproj", "{34BF8470-2389-402C-8E0D-854B563B1AEF}"
EndProject
Global
	GlobalSection(SolutionConfigurationPlatforms) = preSolution
		Debug|Any CPU = Debug|Any CPU
		Release|Any CPU = Release|Any CPU
	EndGlobalSection
	GlobalSection(ProjectConfigurationPlatforms) = postSolution
		{34BF8470-2389-402C-8E0D-854B563B1AEF}.Debug|Any CPU.ActiveCfg = Debug|Any CPU
		{34BF8470-2389-402C-8E0D-854B563B1AEF}.Debug|Any CPU.Build.0 = Debug|Any CPU
		{34BF8470-2389-402C-8E0D-854B563B1AEF}.Release|Any CPU.ActiveCfg = Release|Any CPU
		{34BF8470-2389-402C-8E0D-854B563B1AEF}.Release|Any CPU.Build.0 = Release|Any CPU
	EndGlobalSection
	GlobalSection(SolutionProperties) = preSolution
		HideSolutionNode = FALSE
	EndGlobalSection
	GlobalSection(ExtensibilityGlobals) = postSolution
		SolutionGuid = {B1B72705-9D23-47EE-87DB-649BDD86BB20}
	EndGlobalSection
EndGlobal
